{
  "originHash" : "acf054496fe02532f69602cdbf92e7da0352380b4fab4f3fd93891523fbd75f5",
  "pins" : [
    {
      "identity" : "haishinkit.swift",
      "kind" : "remoteSourceControl",
      "location" : "https://github.com/HaishinKit/HaishinKit.swift.git",
      "state" : {
        "revision" : "dc880cb540b8feeb98f64e8b7dcfaaf320b6b2bd",
        "version" : "2.2.5"
      }
    },
    {
      "identity" : "logboard",
      "kind" : "remoteSourceControl",
      "location" : "https://github.com/shogo4405/Logboard.git",
      "state" : {
        "revision" : "8f41c63afb903040b77049ee2efa8c257b8c0d50",
        "version" : "2.6.0"
      }
    },
    {
      "identity" : "posthog-ios",
      "kind" : "remoteSourceControl",
      "location" : "https://github.com/PostHog/posthog-ios.git",
      "state" : {
        "revision" : "2f8002409e7c8c8b1f14e3ce716f543831fd941d",
        "version" : "3.69.8"
      }
    }
  ],
  "version" : 3
}
